
Microsoft Visual Studio Solution File, Format Version 12.00
# Visual Studio Version 17
VisualStudioVersion = 17.12.35506.116
MinimumVisualStudioVersion = 10.0.40219.1
Project("{8BC9CEB8-8B4A-11D0-8D11-00A0C91BC942}") = "VideoPlay", "VideoPlay\VideoPlay.vcxproj", "{64C11D5E-8B7D-414F-93D3-B133AB3404C5}"
EndProject
Project("{8BC9CEB8-8B4A-11D0-8D11-00A0C91BC942}") = "VideoClient", "VideoClient\VideoClient.vcxproj", "{C3E1448E-B770-4B6B-9935-9EDA2DA3F8A0}"
EndProject
Project("{2150E333-8FDC-42A3-9474-1A3956D46DE8}") = "Solution Items", "Solution Items", "{86D25A0F-6563-4443-9299-8FE08AC1B57F}"
	ProjectSection(SolutionItems) = preProject
		README.md = README.md
	EndProjectSection
EndProject
Global
	GlobalSection(SolutionConfigurationPlatforms) = preSolution
		Debug|x64 = Debug|x64
		Debug|x86 = Debug|x86
		Release|x64 = Release|x64
		Release|x86 = Release|x86
	EndGlobalSection
	GlobalSection(ProjectConfigurationPlatforms) = postSolution
		{64C11D5E-8B7D-414F-93D3-B133AB3404C5}.Debug|x64.ActiveCfg = Debug|x64
		{64C11D5E-8B7D-414F-93D3-B133AB3404C5}.Debug|x64.Build.0 = Debug|x64
		{64C11D5E-8B7D-414F-93D3-B133AB3404C5}.Debug|x86.ActiveCfg = Debug|Win32
		{64C11D5E-8B7D-414F-93D3-B133AB3404C5}.Debug|x86.Build.0 = Debug|Win32
		{64C11D5E-8B7D-414F-93D3-B133AB3404C5}.Release|x64.ActiveCfg = Release|x64
		{64C11D5E-8B7D-414F-93D3-B133AB3404C5}.Release|x64.Build.0 = Release|x64
		{64C11D5E-8B7D-414F-93D3-B133AB3404C5}.Release|x86.ActiveCfg = Release|Win32
		{64C11D5E-8B7D-414F-93D3-B133AB3404C5}.Release|x86.Build.0 = Release|Win32
		{C3E1448E-B770-4B6B-9935-9EDA2DA3F8A0}.Debug|x64.ActiveCfg = Debug|x64
		{C3E1448E-B770-4B6B-9935-9EDA2DA3F8A0}.Debug|x64.Build.0 = Debug|x64
		{C3E1448E-B770-4B6B-9935-9EDA2DA3F8A0}.Debug|x86.ActiveCfg = Debug|Win32
		{C3E1448E-B770-4B6B-9935-9EDA2DA3F8A0}.Debug|x86.Build.0 = Debug|Win32
		{C3E1448E-B770-4B6B-9935-9EDA2DA3F8A0}.Release|x64.ActiveCfg = Release|x64
		{C3E1448E-B770-4B6B-9935-9EDA2DA3F8A0}.Release|x64.Build.0 = Release|x64
		{C3E1448E-B770-4B6B-9935-9EDA2DA3F8A0}.Release|x86.ActiveCfg = Release|Win32
		{C3E1448E-B770-4B6B-9935-9EDA2DA3F8A0}.Release|x86.Build.0 = Release|Win32
	EndGlobalSection
	GlobalSection(SolutionProperties) = preSolution
		HideSolutionNode = FALSE
	EndGlobalSection
EndGlobal
